// !$*UTF8*$!
{
	archiveVersion = 1;
	classes = {
	};
	objectVersion = 46;
	objects = {

/* Begin PBXBuildFile section */
		65102DB01A7999DE00A74B70 /* AppDelegate.swift in Sources */ = {isa = PBXBuildFile; fileRef = 65102DAF1A7999DE00A74B70 /* AppDelegate.swift */; };
		65102DB21A7999DE00A74B70 /* ViewController.swift in Sources */ = {isa = PBXBuildFile; fileRef = 65102DB11A7999DE00A74B70 /* ViewController.swift */; };
		65102DB51A7999DE00A74B70 /* Main.storyboard in Resources */ = {isa = PBXBuildFile; fileRef = 65102DB31A7999DE00A74B70 /* Main.storyboard */; };
		65102DB71A7999DE00A74B70 /* Images.xcassets in Resources */ = {isa = PBXBuildFile; fileRef = 65102DB61A7999DE00A74B70 /* Images.xcassets */; };
		65102DBA1A7999DE00A74B70 /* LaunchScreen.xib in Resources */ = {isa = PBXBuildFile; fileRef = 65102DB81A7999DE00A74B70 /* LaunchScreen.xib */; };
		65102DC61A7999DE00A74B70 /* SOAPTests.swift in Sources */ = {isa = PBXBuildFile; fileRef = 65102DC51A7999DE00A74B70 /* SOAPTests.swift */; };
/* End PBXBuildFile section */

/* Begin PBXContainerItemProxy section */
		65102DC01A7999DE00A74B70 /* PBXContainerItemProxy */ = {
			isa = PBXContainerItemProxy;
			containerPortal = 65102DA21A7999DE00A74B70 /* Project object */;
			proxyType = 1;
			remoteGlobalIDString = 65102DA91A7999DE00A74B70;
			remoteInfo = SOAP;
		};
/* End PBXContainerItemProxy section */

/* Begin PBXFileReference section */
		65102DAA1A7999DE00A74B70 /* SOAP.app */ = {isa = PBXFileReference; explicitFileType = wrapper.application; includeInIndex = 0; path = SOAP.app; sourceTree = BUILT_PRODUCTS_DIR; };
		65102DAE1A7999DE00A74B70 /* Info.plist */ = {isa = PBXFileReference; lastKnownFileType = text.plist.xml; path = Info.plist; sourceTree = "<group>"; };
		65102DAF1A7999DE00A74B70 /* AppDelegate.swift */ = {isa = PBXFileReference; lastKnownFileType = sourcecode.swift; path = AppDelegate.swift; sourceTree = "<group>"; };
		65102DB11A7999DE00A74B70 /* ViewController.swift */ = {isa = PBXFileReference; lastKnownFileType = sourcecode.swift; path = ViewController.swift; sourceTree = "<group>"; };
		65102DB41A7999DE00A74B70 /* Base */ = {isa = PBXFileReference; lastKnownFileType = file.storyboard; name = Base; path = Base.lproj/Main.storyboard; sourceTree = "<group>"; };
		65102DB61A7999DE00A74B70 /* Images.xcassets */ = {isa = PBXFileReference; lastKnownFileType = folder.assetcatalog; path = Images.xcassets; sourceTree = "<group>"; };
		65102DB91A7999DE00A74B70 /* Base */ = {isa = PBXFileReference; lastKnownFileType = file.xib; name = Base; path = Base.lproj/LaunchScreen.xib; sourceTree = "<group>"; };
		65102DBF1A7999DE00A74B70 /* SOAPTests.xctest */ = {isa = PBXFileReference; explicitFileType = wrapper.cfbundle; includeInIndex = 0; path = SOAPTests.xctest; sourceTree = BUILT_PRODUCTS_DIR; };
		65102DC41A7999DE00A74B70 /* Info.plist */ = {isa = PBXFileReference; lastKnownFileType = text.plist.xml; path = Info.plist; sourceTree = "<group>"; };
		65102DC51A7999DE00A74B70 /* SOAPTests.swift */ = {isa = PBXFileReference; lastKnownFileType = sourcecode.swift; path = SOAPTests.swift; sourceTree = "<group>"; };
/* End PBXFileReference section */

/* Begin PBXFrameworksBuildPhase section */
		65102DA71A7999DE00A74B70 /* Frameworks */ = {
			isa = PBXFrameworksBuildPhase;
			buildActionMask = 2147483647;
			files = (
			);
			runOnlyForDeploymentPostprocessing = 0;
		};
		65102DBC1A7999DE00A74B70 /* Frameworks */ = {
			isa = PBXFrameworksBuildPhase;
			buildActionMask = 2147483647;
			files = (
			);
			runOnlyForDeploymentPostprocessing = 0;
		};
/* End PBXFrameworksBuildPhase section */

/* Begin PBXGroup section */
		65102DA11A7999DE00A74B70 = {
			isa = PBXGroup;
			children = (
				65102DAC1A7999DE00A74B70 /* SOAP */,
				65102DC21A7999DE00A74B70 /* SOAPTests */,
				65102DAB1A7999DE00A74B70 /* Products */,
			);
			sourceTree = "<group>";
		};
		65102DAB1A7999DE00A74B70 /* Products */ = {
			isa = PBXGroup;
			children = (
				65102DAA1A7999DE00A74B70 /* SOAP.app */,
				65102DBF1A7999DE00A74B70 /* SOAPTests.xctest */,
			);
			name = Products;
			sourceTree = "<group>";
		};
		65102DAC1A7999DE00A74B70 /* SOAP */ = {
			isa = PBXGroup;
			children = (
				65102DAF1A7999DE00A74B70 /* AppDelegate.swift */,
				65102DB11A7999DE00A74B70 /* ViewController.swift */,
				65102DB31A7999DE00A74B70 /* Main.storyboard */,
				65102DB61A7999DE00A74B70 /* Images.xcassets */,
				65102DB81A7999DE00A74B70 /* LaunchScreen.xib */,
				65102DAD1A7999DE00A74B70 /* Supporting Files */,
			);
			path = SOAP;
			sourceTree = "<group>";
		};
		65102DAD1A7999DE00A74B70 /* Supporting Files */ = {
			isa = PBXGroup;
			children = (
				65102DAE1A7999DE00A74B70 /* Info.plist */,
			);
			name = "Supporting Files";
			sourceTree = "<group>";
		};
		65102DC21A7999DE00A74B70 /* SOAPTests */ = {
			isa = PBXGroup;
			children = (
				65102DC51A7999DE00A74B70 /* SOAPTests.swift */,
				65102DC31A7999DE00A74B70 /* Supporting Files */,
			);
			path = SOAPTests;
			sourceTree = "<group>";
		};
		65102DC31A7999DE00A74B70 /* Supporting Files */ = {
			isa = PBXGroup;
			children = (
				65102DC41A7999DE00A74B70 /* Info.plist */,
			);
			name = "Supporting Files";
			sourceTree = "<group>";
		};
/* End PBXGroup section */

/* Begin PBXNativeTarget section */
		65102DA91A7999DE00A74B70 /* SOAP */ = {
			isa = PBXNativeTarget;
			buildConfigurationList = 65102DC91A7999DE00A74B70 /* Build configuration list for PBXNativeTarget "SOAP" */;
			buildPhases = (
				65102DA61A7999DE00A74B70 /* Sources */,
				65102DA71A7999DE00A74B70 /* Frameworks */,
				65102DA81A7999DE00A74B70 /* Resources */,
			);
			buildRules = (
			);
			dependencies = (
			);
			name = SOAP;
			productName = SOAP;
			productReference = 65102DAA1A7999DE00A74B70 /* SOAP.app */;
			productType = "com.apple.product-type.application";
		};
		65102DBE1A7999DE00A74B70 /* SOAPTests */ = {
			isa = PBXNativeTarget;
			buildConfigurationList = 65102DCC1A7999DE00A74B70 /* Build configuration list for PBXNativeTarget "SOAPTests" */;
			buildPhases = (
				65102DBB1A7999DE00A74B70 /* Sources */,
				65102DBC1A7999DE00A74B70 /* Frameworks */,
				65102DBD1A7999DE00A74B70 /* Resources */,
			);
			buildRules = (
			);
			dependencies = (
				65102DC11A7999DE00A74B70 /* PBXTargetDependency */,
			);
			name = SOAPTests;
			productName = SOAPTests;
			productReference = 65102DBF1A7999DE00A74B70 /* SOAPTests.xctest */;
			productType = "com.apple.product-type.bundle.unit-test";
		};
/* End PBXNativeTarget section */

/* Begin PBXProject section */
		65102DA21A7999DE00A74B70 /* Project object */ = {
			isa = PBXProject;
			attributes = {
				LastUpgradeCheck = 0610;
				ORGANIZATIONNAME = ht;
				TargetAttributes = {
					65102DA91A7999DE00A74B70 = {
						CreatedOnToolsVersion = 6.1.1;
					};
					65102DBE1A7999DE00A74B70 = {
						CreatedOnToolsVersion = 6.1.1;
						TestTargetID = 65102DA91A7999DE00A74B70;
					};
				};
			};
			buildConfigurationList = 65102DA51A7999DE00A74B70 /* Build configuration list for PBXProject "SOAP" */;
			compatibilityVersion = "Xcode 3.2";
			developmentRegion = English;
			hasScannedForEncodings = 0;
			knownRegions = (
				en,
				Base,
			);
			mainGroup = 65102DA11A7999DE00A74B70;
			productRefGroup = 65102DAB1A7999DE00A74B70 /* Products */;
			projectDirPath = "";
			projectRoot = "";
			targets = (
				65102DA91A7999DE00A74B70 /* SOAP */,
				65102DBE1A7999DE00A74B70 /* SOAPTests */,
			);
		};
/* End PBXProject section */

/* Begin PBXResourcesBuildPhase section */
		65102DA81A7999DE00A74B70 /* Resources */ = {
			isa = PBXResourcesBuildPhase;
			buildActionMask = 2147483647;
			files = (
				65102DB51A7999DE00A74B70 /* Main.storyboard in Resources */,
				65102DBA1A7999DE00A74B70 /* LaunchScreen.xib in Resources */,
				65102DB71A7999DE00A74B70 /* Images.xcassets in Resources */,
			);
			runOnlyForDeploymentPostprocessing = 0;
		};
		65102DBD1A7999DE00A74B70 /* Resources */ = {
			isa = PBXResourcesBuildPhase;
			buildActionMask = 2147483647;
			files = (
			);
			runOnlyForDeploymentPostprocessing = 0;
		};
/* End PBXResourcesBuildPhase section */

/* Begin PBXSourcesBuildPhase section */
		65102DA61A7999DE00A74B70 /* Sources */ = {
			isa = PBXSourcesBuildPhase;
			buildActionMask = 2147483647;
			files = (
				65102DB21A7999DE00A74B70 /* ViewController.swift in Sources */,
				65102DB01A7999DE00A74B70 /* AppDelegate.swift in Sources */,
			);
			runOnlyForDeploymentPostprocessing = 0;
		};
		65102DBB1A7999DE00A74B70 /* Sources */ = {
			isa = PBXSourcesBuildPhase;
			buildActionMask = 2147483647;
			files = (
				65102DC61A7999DE00A74B70 /* SOAPTests.swift in Sources */,
			);
			runOnlyForDeploymentPostprocessing = 0;
		};
/* End PBXSourcesBuildPhase section */

/* Begin PBXTargetDependency section */
		65102DC11A7999DE00A74B70 /* PBXTargetDependency */ = {
			isa = PBXTargetDependency;
			target = 65102DA91A7999DE00A74B70 /* SOAP */;
			targetProxy = 65102DC01A7999DE00A74B70 /* PBXContainerItemProxy */;
		};
/* End PBXTargetDependency section */

/* Begin PBXVariantGroup section */
		65102DB31A7999DE00A74B70 /* Main.storyboard */ = {
			isa = PBXVariantGroup;
			children = (
				65102DB41A7999DE00A74B70 /* Base */,
			);
			name = Main.storyboard;
			sourceTree = "<group>";
		};
		65102DB81A7999DE00A74B70 /* LaunchScreen.xib */ = {
			isa = PBXVariantGroup;
			children = (
				65102DB91A7999DE00A74B70 /* Base */,
			);
			name = LaunchScreen.xib;
			sourceTree = "<group>";
		};
/* End PBXVariantGroup section */

/* Begin XCBuildConfiguration section */
		65102DC71A7999DE00A74B70 /* Debug */ = {
			isa = XCBuildConfiguration;
			buildSettings = {
				ALWAYS_SEARCH_USER_PATHS = NO;
				CLANG_CXX_LANGUAGE_STANDARD = "gnu++0x";
				CLANG_CXX_LIBRARY = "libc++";
				CLANG_ENABLE_MODULES = YES;
				CLANG_ENABLE_OBJC_ARC = YES;
				CLANG_WARN_BOOL_CONVERSION = YES;
				CLANG_WARN_CONSTANT_CONVERSION = YES;
				CLANG_WARN_DIRECT_OBJC_ISA_USAGE = YES_ERROR;
				CLANG_WARN_EMPTY_BODY = YES;
				CLANG_WARN_ENUM_CONVERSION = YES;
				CLANG_WARN_INT_CONVERSION = YES;
				CLANG_WARN_OBJC_ROOT_CLASS = YES_ERROR;
				CLANG_WARN_UNREACHABLE_CODE = YES;
				CLANG_WARN__DUPLICATE_METHOD_MATCH = YES;
				"CODE_SIGN_IDENTITY[sdk=iphoneos*]" = "iPhone Developer";
				COPY_PHASE_STRIP = NO;
				ENABLE_STRICT_OBJC_MSGSEND = YES;
				GCC_C_LANGUAGE_STANDARD = gnu99;
				GCC_DYNAMIC_NO_PIC = NO;
				GCC_OPTIMIZATION_LEVEL = 0;
				GCC_PREPROCESSOR_DEFINITIONS = (
					"DEBUG=1",
					"$(inherited)",
				);
				GCC_SYMBOLS_PRIVATE_EXTERN = NO;
				GCC_WARN_64_TO_32_BIT_CONVERSION = YES;
				GCC_WARN_ABOUT_RETURN_TYPE = YES_ERROR;
				GCC_WARN_UNDECLARED_SELECTOR = YES;
				GCC_WARN_UNINITIALIZED_AUTOS = YES_AGGRESSIVE;
				GCC_WARN_UNUSED_FUNCTION = YES;
				GCC_WARN_UNUSED_VARIABLE = YES;
				IPHONEOS_DEPLOYMENT_TARGET = 8.1;
				MTL_ENABLE_DEBUG_INFO = YES;
				ONLY_ACTIVE_ARCH = YES;
				SDKROOT = iphoneos;
				SWIFT_OPTIMIZATION_LEVEL = "-Onone";
			};
			name = Debug;
		};
		65102DC81A7999DE00A74B70 /* Release */ = {
			isa = XCBuildConfiguration;
			buildSettings = {
				ALWAYS_SEARCH_USER_PATHS = NO;
				CLANG_CXX_LANGUAGE_STANDARD = "gnu++0x";
				CLANG_CXX_LIBRARY = "libc++";
				CLANG_ENABLE_MODULES = YES;
				CLANG_ENABLE_OBJC_ARC = YES;
				CLANG_WARN_BOOL_CONVERSION = YES;
				CLANG_WARN_CONSTANT_CONVERSION = YES;
				CLANG_WARN_DIRECT_OBJC_ISA_USAGE = YES_ERROR;
				CLANG_WARN_EMPTY_BODY = YES;
				CLANG_WARN_ENUM_CONVERSION = YES;
				CLANG_WARN_INT_CONVERSION = YES;
				CLANG_WARN_OBJC_ROOT_CLASS = YES_ERROR;
				CLANG_WARN_UNREACHABLE_CODE = YES;
				CLANG_WARN__DUPLICATE_METHOD_MATCH = YES;
				"CODE_SIGN_IDENTITY[sdk=iphoneos*]" = "iPhone Developer";
				COPY_PHASE_STRIP = YES;
				ENABLE_NS_ASSERTIONS = NO;
				ENABLE_STRICT_OBJC_MSGSEND = YES;
				GCC_C_LANGUAGE_STANDARD = gnu99;
				GCC_WARN_64_TO_32_BIT_CONVERSION = YES;
				GCC_WARN_ABOUT_RETURN_TYPE = YES_ERROR;
				GCC_WARN_UNDECLARED_SELECTOR = YES;
				GCC_WARN_UNINITIALIZED_AUTOS = YES_AGGRESSIVE;
				GCC_WARN_UNUSED_FUNCTION = YES;
				GCC_WARN_UNUSED_VARIABLE = YES;
				IPHONEOS_DEPLOYMENT_TARGET = 8.1;
				MTL_ENABLE_DEBUG_INFO = NO;
				SDKROOT = iphoneos;
				VALIDATE_PRODUCT = YES;
			};
			name = Release;
		};
		65102DCA1A7999DE00A74B70 /* Debug */ = {
			isa = XCBuildConfiguration;
			buildSettings = {
				ASSETCATALOG_COMPILER_APPICON_NAME = AppIcon;
				INFOPLIST_FILE = SOAP/Info.plist;
				LD_RUNPATH_SEARCH_PATHS = "$(inherited) @executable_path/Frameworks";
				PRODUCT_NAME = "$(TARGET_NAME)";
			};
			name = Debug;
		};
		65102DCB1A7999DE00A74B70 /* Release */ = {
			isa = XCBuildConfiguration;
			buildSettings = {
				ASSETCATALOG_COMPILER_APPICON_NAME = AppIcon;
				INFOPLIST_FILE = SOAP/Info.plist;
				LD_RUNPATH_SEARCH_PATHS = "$(inherited) @executable_path/Frameworks";
				PRODUCT_NAME = "$(TARGET_NAME)";
			};
			name = Release;
		};
		65102DCD1A7999DE00A74B70 /* Debug */ = {
			isa = XCBuildConfiguration;
			buildSettings = {
				BUNDLE_LOADER = "$(TEST_HOST)";
				FRAMEWORK_SEARCH_PATHS = (
					"$(SDKROOT)/Developer/Library/Frameworks",
					"$(inherited)",
				);
				GCC_PREPROCESSOR_DEFINITIONS = (
					"DEBUG=1",
					"$(inherited)",
				);
				INFOPLIST_FILE = SOAPTests/Info.plist;
				LD_RUNPATH_SEARCH_PATHS = "$(inherited) @executable_path/Frameworks @loader_path/Frameworks";
				PRODUCT_NAME = "$(TARGET_NAME)";
				TEST_HOST = "$(BUILT_PRODUCTS_DIR)/SOAP.app/SOAP";
			};
			name = Debug;
		};
		65102DCE1A7999DE00A74B70 /* Release */ = {
			isa = XCBuildConfiguration;
			buildSettings = {
				BUNDLE_LOADER = "$(TEST_HOST)";
				FRAMEWORK_SEARCH_PATHS = (
					"$(SDKROOT)/Developer/Library/Frameworks",
					"$(inherited)",
				);
				INFOPLIST_FILE = SOAPTests/Info.plist;
				LD_RUNPATH_SEARCH_PATHS = "$(inherited) @executable_path/Frameworks @loader_path/Frameworks";
				PRODUCT_NAME = "$(TARGET_NAME)";
				TEST_HOST = "$(BUILT_PRODUCTS_DIR)/SOAP.app/SOAP";
			};
			name = Release;
		};
/* End XCBuildConfiguration section */

/* Begin XCConfigurationList section */
		65102DA51A7999DE00A74B70 /* Build configuration list for PBXProject "SOAP" */ = {
			isa = XCConfigurationList;
			buildConfigurations = (
				65102DC71A7999DE00A74B70 /* Debug */,
				65102DC81A7999DE00A74B70 /* Release */,
			);
			defaultConfigurationIsVisible = 0;
			defaultConfigurationName = Release;
		};
		65102DC91A7999DE00A74B70 /* Build configuration list for PBXNativeTarget "SOAP" */ = {
			isa = XCConfigurationList;
			buildConfigurations = (
				65102DCA1A7999DE00A74B70 /* Debug */,
				65102DCB1A7999DE00A74B70 /* Release */,
			);
			defaultConfigurationIsVisible = 0;
		};
		65102DCC1A7999DE00A74B70 /* Build configuration list for PBXNativeTarget "SOAPTests" */ = {
			isa = XCConfigurationList;
			buildConfigurations = (
				65102DCD1A7999DE00A74B70 /* Debug */,
				65102DCE1A7999DE00A74B70 /* Release */,
			);
			defaultConfigurationIsVisible = 0;
		};
/* End XCConfigurationList section */
	};
	rootObject = 65102DA21A7999DE00A74B70 /* Project object */;
}
