// !$*UTF8*$!
{
	archiveVersion = 1;
	classes = {
	};
	objectVersion = 46;
	objects = {

/* Begin PBXBuildFile section */
		65536C9F1A954666000A8518 /* AppDelegate.swift in Sources */ = {isa = PBXBuildFile; fileRef = 65536C9E1A954666000A8518 /* AppDelegate.swift */; };
		65536CA11A954666000A8518 /* ViewController.swift in Sources */ = {isa = PBXBuildFile; fileRef = 65536CA01A954666000A8518 /* ViewController.swift */; };
		65536CA41A954666000A8518 /* Main.storyboard in Resources */ = {isa = PBXBuildFile; fileRef = 65536CA21A954666000A8518 /* Main.storyboard */; };
		65536CA61A954666000A8518 /* Images.xcassets in Resources */ = {isa = PBXBuildFile; fileRef = 65536CA51A954666000A8518 /* Images.xcassets */; };
		65536CA91A954666000A8518 /* LaunchScreen.xib in Resources */ = {isa = PBXBuildFile; fileRef = 65536CA71A954666000A8518 /* LaunchScreen.xib */; };
		65536CB51A954667000A8518 /* iTunesLibraryTests.swift in Sources */ = {isa = PBXBuildFile; fileRef = 65536CB41A954667000A8518 /* iTunesLibraryTests.swift */; };
/* End PBXBuildFile section */

/* Begin PBXContainerItemProxy section */
		65536CAF1A954667000A8518 /* PBXContainerItemProxy */ = {
			isa = PBXContainerItemProxy;
			containerPortal = 65536C911A954666000A8518 /* Project object */;
			proxyType = 1;
			remoteGlobalIDString = 65536C981A954666000A8518;
			remoteInfo = iTunesLibrary;
		};
/* End PBXContainerItemProxy section */

/* Begin PBXFileReference section */
		65536C991A954666000A8518 /* iTunesLibrary.app */ = {isa = PBXFileReference; explicitFileType = wrapper.application; includeInIndex = 0; path = iTunesLibrary.app; sourceTree = BUILT_PRODUCTS_DIR; };
		65536C9D1A954666000A8518 /* Info.plist */ = {isa = PBXFileReference; lastKnownFileType = text.plist.xml; path = Info.plist; sourceTree = "<group>"; };
		65536C9E1A954666000A8518 /* AppDelegate.swift */ = {isa = PBXFileReference; lastKnownFileType = sourcecode.swift; path = AppDelegate.swift; sourceTree = "<group>"; };
		65536CA01A954666000A8518 /* ViewController.swift */ = {isa = PBXFileReference; lastKnownFileType = sourcecode.swift; path = ViewController.swift; sourceTree = "<group>"; };
		65536CA31A954666000A8518 /* Base */ = {isa = PBXFileReference; lastKnownFileType = file.storyboard; name = Base; path = Base.lproj/Main.storyboard; sourceTree = "<group>"; };
		65536CA51A954666000A8518 /* Images.xcassets */ = {isa = PBXFileReference; lastKnownFileType = folder.assetcatalog; path = Images.xcassets; sourceTree = "<group>"; };
		65536CA81A954666000A8518 /* Base */ = {isa = PBXFileReference; lastKnownFileType = file.xib; name = Base; path = Base.lproj/LaunchScreen.xib; sourceTree = "<group>"; };
		65536CAE1A954667000A8518 /* iTunesLibraryTests.xctest */ = {isa = PBXFileReference; explicitFileType = wrapper.cfbundle; includeInIndex = 0; path = iTunesLibraryTests.xctest; sourceTree = BUILT_PRODUCTS_DIR; };
		65536CB31A954667000A8518 /* Info.plist */ = {isa = PBXFileReference; lastKnownFileType = text.plist.xml; path = Info.plist; sourceTree = "<group>"; };
		65536CB41A954667000A8518 /* iTunesLibraryTests.swift */ = {isa = PBXFileReference; lastKnownFileType = sourcecode.swift; path = iTunesLibraryTests.swift; sourceTree = "<group>"; };
/* End PBXFileReference section */

/* Begin PBXFrameworksBuildPhase section */
		65536C961A954666000A8518 /* Frameworks */ = {
			isa = PBXFrameworksBuildPhase;
			buildActionMask = 2147483647;
			files = (
			);
			runOnlyForDeploymentPostprocessing = 0;
		};
		65536CAB1A954667000A8518 /* Frameworks */ = {
			isa = PBXFrameworksBuildPhase;
			buildActionMask = 2147483647;
			files = (
			);
			runOnlyForDeploymentPostprocessing = 0;
		};
/* End PBXFrameworksBuildPhase section */

/* Begin PBXGroup section */
		65536C901A954666000A8518 = {
			isa = PBXGroup;
			children = (
				65536C9B1A954666000A8518 /* iTunesLibrary */,
				65536CB11A954667000A8518 /* iTunesLibraryTests */,
				65536C9A1A954666000A8518 /* Products */,
			);
			sourceTree = "<group>";
		};
		65536C9A1A954666000A8518 /* Products */ = {
			isa = PBXGroup;
			children = (
				65536C991A954666000A8518 /* iTunesLibrary.app */,
				65536CAE1A954667000A8518 /* iTunesLibraryTests.xctest */,
			);
			name = Products;
			sourceTree = "<group>";
		};
		65536C9B1A954666000A8518 /* iTunesLibrary */ = {
			isa = PBXGroup;
			children = (
				65536C9E1A954666000A8518 /* AppDelegate.swift */,
				65536CA01A954666000A8518 /* ViewController.swift */,
				65536CA21A954666000A8518 /* Main.storyboard */,
				65536CA51A954666000A8518 /* Images.xcassets */,
				65536CA71A954666000A8518 /* LaunchScreen.xib */,
				65536C9C1A954666000A8518 /* Supporting Files */,
			);
			path = iTunesLibrary;
			sourceTree = "<group>";
		};
		65536C9C1A954666000A8518 /* Supporting Files */ = {
			isa = PBXGroup;
			children = (
				65536C9D1A954666000A8518 /* Info.plist */,
			);
			name = "Supporting Files";
			sourceTree = "<group>";
		};
		65536CB11A954667000A8518 /* iTunesLibraryTests */ = {
			isa = PBXGroup;
			children = (
				65536CB41A954667000A8518 /* iTunesLibraryTests.swift */,
				65536CB21A954667000A8518 /* Supporting Files */,
			);
			path = iTunesLibraryTests;
			sourceTree = "<group>";
		};
		65536CB21A954667000A8518 /* Supporting Files */ = {
			isa = PBXGroup;
			children = (
				65536CB31A954667000A8518 /* Info.plist */,
			);
			name = "Supporting Files";
			sourceTree = "<group>";
		};
/* End PBXGroup section */

/* Begin PBXNativeTarget section */
		65536C981A954666000A8518 /* iTunesLibrary */ = {
			isa = PBXNativeTarget;
			buildConfigurationList = 65536CB81A954667000A8518 /* Build configuration list for PBXNativeTarget "iTunesLibrary" */;
			buildPhases = (
				65536C951A954666000A8518 /* Sources */,
				65536C961A954666000A8518 /* Frameworks */,
				65536C971A954666000A8518 /* Resources */,
			);
			buildRules = (
			);
			dependencies = (
			);
			name = iTunesLibrary;
			productName = iTunesLibrary;
			productReference = 65536C991A954666000A8518 /* iTunesLibrary.app */;
			productType = "com.apple.product-type.application";
		};
		65536CAD1A954667000A8518 /* iTunesLibraryTests */ = {
			isa = PBXNativeTarget;
			buildConfigurationList = 65536CBB1A954667000A8518 /* Build configuration list for PBXNativeTarget "iTunesLibraryTests" */;
			buildPhases = (
				65536CAA1A954667000A8518 /* Sources */,
				65536CAB1A954667000A8518 /* Frameworks */,
				65536CAC1A954667000A8518 /* Resources */,
			);
			buildRules = (
			);
			dependencies = (
				65536CB01A954667000A8518 /* PBXTargetDependency */,
			);
			name = iTunesLibraryTests;
			productName = iTunesLibraryTests;
			productReference = 65536CAE1A954667000A8518 /* iTunesLibraryTests.xctest */;
			productType = "com.apple.product-type.bundle.unit-test";
		};
/* End PBXNativeTarget section */

/* Begin PBXProject section */
		65536C911A954666000A8518 /* Project object */ = {
			isa = PBXProject;
			attributes = {
				LastUpgradeCheck = 0610;
				ORGANIZATIONNAME = ht;
				TargetAttributes = {
					65536C981A954666000A8518 = {
						CreatedOnToolsVersion = 6.1.1;
					};
					65536CAD1A954667000A8518 = {
						CreatedOnToolsVersion = 6.1.1;
						TestTargetID = 65536C981A954666000A8518;
					};
				};
			};
			buildConfigurationList = 65536C941A954666000A8518 /* Build configuration list for PBXProject "iTunesLibrary" */;
			compatibilityVersion = "Xcode 3.2";
			developmentRegion = English;
			hasScannedForEncodings = 0;
			knownRegions = (
				en,
				Base,
			);
			mainGroup = 65536C901A954666000A8518;
			productRefGroup = 65536C9A1A954666000A8518 /* Products */;
			projectDirPath = "";
			projectRoot = "";
			targets = (
				65536C981A954666000A8518 /* iTunesLibrary */,
				65536CAD1A954667000A8518 /* iTunesLibraryTests */,
			);
		};
/* End PBXProject section */

/* Begin PBXResourcesBuildPhase section */
		65536C971A954666000A8518 /* Resources */ = {
			isa = PBXResourcesBuildPhase;
			buildActionMask = 2147483647;
			files = (
				65536CA41A954666000A8518 /* Main.storyboard in Resources */,
				65536CA91A954666000A8518 /* LaunchScreen.xib in Resources */,
				65536CA61A954666000A8518 /* Images.xcassets in Resources */,
			);
			runOnlyForDeploymentPostprocessing = 0;
		};
		65536CAC1A954667000A8518 /* Resources */ = {
			isa = PBXResourcesBuildPhase;
			buildActionMask = 2147483647;
			files = (
			);
			runOnlyForDeploymentPostprocessing = 0;
		};
/* End PBXResourcesBuildPhase section */

/* Begin PBXSourcesBuildPhase section */
		65536C951A954666000A8518 /* Sources */ = {
			isa = PBXSourcesBuildPhase;
			buildActionMask = 2147483647;
			files = (
				65536CA11A954666000A8518 /* ViewController.swift in Sources */,
				65536C9F1A954666000A8518 /* AppDelegate.swift in Sources */,
			);
			runOnlyForDeploymentPostprocessing = 0;
		};
		65536CAA1A954667000A8518 /* Sources */ = {
			isa = PBXSourcesBuildPhase;
			buildActionMask = 2147483647;
			files = (
				65536CB51A954667000A8518 /* iTunesLibraryTests.swift in Sources */,
			);
			runOnlyForDeploymentPostprocessing = 0;
		};
/* End PBXSourcesBuildPhase section */

/* Begin PBXTargetDependency section */
		65536CB01A954667000A8518 /* PBXTargetDependency */ = {
			isa = PBXTargetDependency;
			target = 65536C981A954666000A8518 /* iTunesLibrary */;
			targetProxy = 65536CAF1A954667000A8518 /* PBXContainerItemProxy */;
		};
/* End PBXTargetDependency section */

/* Begin PBXVariantGroup section */
		65536CA21A954666000A8518 /* Main.storyboard */ = {
			isa = PBXVariantGroup;
			children = (
				65536CA31A954666000A8518 /* Base */,
			);
			name = Main.storyboard;
			sourceTree = "<group>";
		};
		65536CA71A954666000A8518 /* LaunchScreen.xib */ = {
			isa = PBXVariantGroup;
			children = (
				65536CA81A954666000A8518 /* Base */,
			);
			name = LaunchScreen.xib;
			sourceTree = "<group>";
		};
/* End PBXVariantGroup section */

/* Begin XCBuildConfiguration section */
		65536CB61A954667000A8518 /* Debug */ = {
			isa = XCBuildConfiguration;
			buildSettings = {
				ALWAYS_SEARCH_USER_PATHS = NO;
				CLANG_CXX_LANGUAGE_STANDARD = "gnu++0x";
				CLANG_CXX_LIBRARY = "libc++";
				CLANG_ENABLE_MODULES = YES;
				CLANG_ENABLE_OBJC_ARC = YES;
				CLANG_WARN_BOOL_CONVERSION = YES;
				CLANG_WARN_CONSTANT_CONVERSION = YES;
				CLANG_WARN_DIRECT_OBJC_ISA_USAGE = YES_ERROR;
				CLANG_WARN_EMPTY_BODY = YES;
				CLANG_WARN_ENUM_CONVERSION = YES;
				CLANG_WARN_INT_CONVERSION = YES;
				CLANG_WARN_OBJC_ROOT_CLASS = YES_ERROR;
				CLANG_WARN_UNREACHABLE_CODE = YES;
				CLANG_WARN__DUPLICATE_METHOD_MATCH = YES;
				"CODE_SIGN_IDENTITY[sdk=iphoneos*]" = "iPhone Developer";
				COPY_PHASE_STRIP = NO;
				ENABLE_STRICT_OBJC_MSGSEND = YES;
				GCC_C_LANGUAGE_STANDARD = gnu99;
				GCC_DYNAMIC_NO_PIC = NO;
				GCC_OPTIMIZATION_LEVEL = 0;
				GCC_PREPROCESSOR_DEFINITIONS = (
					"DEBUG=1",
					"$(inherited)",
				);
				GCC_SYMBOLS_PRIVATE_EXTERN = NO;
				GCC_WARN_64_TO_32_BIT_CONVERSION = YES;
				GCC_WARN_ABOUT_RETURN_TYPE = YES_ERROR;
				GCC_WARN_UNDECLARED_SELECTOR = YES;
				GCC_WARN_UNINITIALIZED_AUTOS = YES_AGGRESSIVE;
				GCC_WARN_UNUSED_FUNCTION = YES;
				GCC_WARN_UNUSED_VARIABLE = YES;
				IPHONEOS_DEPLOYMENT_TARGET = 8.1;
				MTL_ENABLE_DEBUG_INFO = YES;
				ONLY_ACTIVE_ARCH = YES;
				SDKROOT = iphoneos;
				SWIFT_OPTIMIZATION_LEVEL = "-Onone";
			};
			name = Debug;
		};
		65536CB71A954667000A8518 /* Release */ = {
			isa = XCBuildConfiguration;
			buildSettings = {
				ALWAYS_SEARCH_USER_PATHS = NO;
				CLANG_CXX_LANGUAGE_STANDARD = "gnu++0x";
				CLANG_CXX_LIBRARY = "libc++";
				CLANG_ENABLE_MODULES = YES;
				CLANG_ENABLE_OBJC_ARC = YES;
				CLANG_WARN_BOOL_CONVERSION = YES;
				CLANG_WARN_CONSTANT_CONVERSION = YES;
				CLANG_WARN_DIRECT_OBJC_ISA_USAGE = YES_ERROR;
				CLANG_WARN_EMPTY_BODY = YES;
				CLANG_WARN_ENUM_CONVERSION = YES;
				CLANG_WARN_INT_CONVERSION = YES;
				CLANG_WARN_OBJC_ROOT_CLASS = YES_ERROR;
				CLANG_WARN_UNREACHABLE_CODE = YES;
				CLANG_WARN__DUPLICATE_METHOD_MATCH = YES;
				"CODE_SIGN_IDENTITY[sdk=iphoneos*]" = "iPhone Developer";
				COPY_PHASE_STRIP = YES;
				ENABLE_NS_ASSERTIONS = NO;
				ENABLE_STRICT_OBJC_MSGSEND = YES;
				GCC_C_LANGUAGE_STANDARD = gnu99;
				GCC_WARN_64_TO_32_BIT_CONVERSION = YES;
				GCC_WARN_ABOUT_RETURN_TYPE = YES_ERROR;
				GCC_WARN_UNDECLARED_SELECTOR = YES;
				GCC_WARN_UNINITIALIZED_AUTOS = YES_AGGRESSIVE;
				GCC_WARN_UNUSED_FUNCTION = YES;
				GCC_WARN_UNUSED_VARIABLE = YES;
				IPHONEOS_DEPLOYMENT_TARGET = 8.1;
				MTL_ENABLE_DEBUG_INFO = NO;
				SDKROOT = iphoneos;
				VALIDATE_PRODUCT = YES;
			};
			name = Release;
		};
		65536CB91A954667000A8518 /* Debug */ = {
			isa = XCBuildConfiguration;
			buildSettings = {
				ASSETCATALOG_COMPILER_APPICON_NAME = AppIcon;
				INFOPLIST_FILE = iTunesLibrary/Info.plist;
				LD_RUNPATH_SEARCH_PATHS = "$(inherited) @executable_path/Frameworks";
				PRODUCT_NAME = "$(TARGET_NAME)";
			};
			name = Debug;
		};
		65536CBA1A954667000A8518 /* Release */ = {
			isa = XCBuildConfiguration;
			buildSettings = {
				ASSETCATALOG_COMPILER_APPICON_NAME = AppIcon;
				INFOPLIST_FILE = iTunesLibrary/Info.plist;
				LD_RUNPATH_SEARCH_PATHS = "$(inherited) @executable_path/Frameworks";
				PRODUCT_NAME = "$(TARGET_NAME)";
			};
			name = Release;
		};
		65536CBC1A954667000A8518 /* Debug */ = {
			isa = XCBuildConfiguration;
			buildSettings = {
				BUNDLE_LOADER = "$(TEST_HOST)";
				FRAMEWORK_SEARCH_PATHS = (
					"$(SDKROOT)/Developer/Library/Frameworks",
					"$(inherited)",
				);
				GCC_PREPROCESSOR_DEFINITIONS = (
					"DEBUG=1",
					"$(inherited)",
				);
				INFOPLIST_FILE = iTunesLibraryTests/Info.plist;
				LD_RUNPATH_SEARCH_PATHS = "$(inherited) @executable_path/Frameworks @loader_path/Frameworks";
				PRODUCT_NAME = "$(TARGET_NAME)";
				TEST_HOST = "$(BUILT_PRODUCTS_DIR)/iTunesLibrary.app/iTunesLibrary";
			};
			name = Debug;
		};
		65536CBD1A954667000A8518 /* Release */ = {
			isa = XCBuildConfiguration;
			buildSettings = {
				BUNDLE_LOADER = "$(TEST_HOST)";
				FRAMEWORK_SEARCH_PATHS = (
					"$(SDKROOT)/Developer/Library/Frameworks",
					"$(inherited)",
				);
				INFOPLIST_FILE = iTunesLibraryTests/Info.plist;
				LD_RUNPATH_SEARCH_PATHS = "$(inherited) @executable_path/Frameworks @loader_path/Frameworks";
				PRODUCT_NAME = "$(TARGET_NAME)";
				TEST_HOST = "$(BUILT_PRODUCTS_DIR)/iTunesLibrary.app/iTunesLibrary";
			};
			name = Release;
		};
/* End XCBuildConfiguration section */

/* Begin XCConfigurationList section */
		65536C941A954666000A8518 /* Build configuration list for PBXProject "iTunesLibrary" */ = {
			isa = XCConfigurationList;
			buildConfigurations = (
				65536CB61A954667000A8518 /* Debug */,
				65536CB71A954667000A8518 /* Release */,
			);
			defaultConfigurationIsVisible = 0;
			defaultConfigurationName = Release;
		};
		65536CB81A954667000A8518 /* Build configuration list for PBXNativeTarget "iTunesLibrary" */ = {
			isa = XCConfigurationList;
			buildConfigurations = (
				65536CB91A954667000A8518 /* Debug */,
				65536CBA1A954667000A8518 /* Release */,
			);
			defaultConfigurationIsVisible = 0;
		};
		65536CBB1A954667000A8518 /* Build configuration list for PBXNativeTarget "iTunesLibraryTests" */ = {
			isa = XCConfigurationList;
			buildConfigurations = (
				65536CBC1A954667000A8518 /* Debug */,
				65536CBD1A954667000A8518 /* Release */,
			);
			defaultConfigurationIsVisible = 0;
		};
/* End XCConfigurationList section */
	};
	rootObject = 65536C911A954666000A8518 /* Project object */;
}
